
Microsoft Visual Studio Solution File, Format Version 12.00
# Visual Studio Version 17
VisualStudioVersion = 17.4.33122.133
MinimumVisualStudioVersion = 10.0.40219.1
Project("{FAE04EC0-301F-11D3-BF4B-00C04F79EFBC}") = "AspNetIdentityOnly", "AspNetIdentityOnly.csproj", "{1EBB46CF-5FBF-4453-A9F4-D377A1269B4A}"
EndProject
Global
	GlobalSection(SolutionConfigurationPlatforms) = preSolution
		Debug|Any CPU = Debug|Any CPU
		Release|Any CPU = Release|Any CPU
	EndGlobalSection
	GlobalSection(ProjectConfigurationPlatforms) = postSolution
		{1EBB46CF-5FBF-4453-A9F4-D377A1269B4A}.Debug|Any CPU.ActiveCfg = Debug|Any CPU
		{1EBB46CF-5FBF-4453-A9F4-D377A1269B4A}.Debug|Any CPU.Build.0 = Debug|Any CPU
		{1EBB46CF-5FBF-4453-A9F4-D377A1269B4A}.Release|Any CPU.ActiveCfg = Release|Any CPU
		{1EBB46CF-5FBF-4453-A9F4-D377A1269B4A}.Release|Any CPU.Build.0 = Release|Any CPU
	EndGlobalSection
	GlobalSection(SolutionProperties) = preSolution
		HideSolutionNode = FALSE
	EndGlobalSection
	GlobalSection(ExtensibilityGlobals) = postSolution
		SolutionGuid = {A57A80B2-2083-4FAB-B8C4-D964F6EA787F}
	EndGlobalSection
EndGlobal
